
Microsoft Visual Studio Solution File, Format Version 12.00
# Visual Studio Version 16
VisualStudioVersion = 16.0.30114.105
MinimumVisualStudioVersion = 10.0.40219.1
Project("{9A19103F-16F7-4668-BE54-9A1E7A4F7556}") = "P3Api", "P3Api\P3Api.csproj", "{CC4DF0F3-42D9-4DA4-A40B-20A6B5ED1F5A}"
EndProject
Project("{9A19103F-16F7-4668-BE54-9A1E7A4F7556}") = "P3Database", "P3Database\P3Database.csproj", "{AF4F89B4-AC67-4920-B5F3-41859B39FCE7}"
EndProject
Project("{9A19103F-16F7-4668-BE54-9A1E7A4F7556}") = "BusinessLayer", "BusinessLayer\BusinessLayer.csproj", "{86E6AAAF-9C5C-48CE-8517-4BC5FB71AB64}"
EndProject
Project("{FAE04EC0-301F-11D3-BF4B-00C04F79EFBC}") = "Models", "Models\Models.csproj", "{05B3DB9A-94DE-47B4-A9ED-03916E2CEF7D}"
Project("{FAE04EC0-301F-11D3-BF4B-00C04F79EFBC}") = "GamesApiTests", "GamesApiTests\GamesApiTests.csproj", "{66A8526B-D554-44E1-B8B3-FE1A1BAFE8B7}"
EndProject
Global
	GlobalSection(SolutionConfigurationPlatforms) = preSolution
		Debug|Any CPU = Debug|Any CPU
		Debug|x64 = Debug|x64
		Debug|x86 = Debug|x86
		Release|Any CPU = Release|Any CPU
		Release|x64 = Release|x64
		Release|x86 = Release|x86
	EndGlobalSection
	GlobalSection(ProjectConfigurationPlatforms) = postSolution
		{CC4DF0F3-42D9-4DA4-A40B-20A6B5ED1F5A}.Debug|Any CPU.ActiveCfg = Debug|Any CPU
		{CC4DF0F3-42D9-4DA4-A40B-20A6B5ED1F5A}.Debug|Any CPU.Build.0 = Debug|Any CPU
		{CC4DF0F3-42D9-4DA4-A40B-20A6B5ED1F5A}.Debug|x64.ActiveCfg = Debug|Any CPU
		{CC4DF0F3-42D9-4DA4-A40B-20A6B5ED1F5A}.Debug|x64.Build.0 = Debug|Any CPU
		{CC4DF0F3-42D9-4DA4-A40B-20A6B5ED1F5A}.Debug|x86.ActiveCfg = Debug|Any CPU
		{CC4DF0F3-42D9-4DA4-A40B-20A6B5ED1F5A}.Debug|x86.Build.0 = Debug|Any CPU
		{CC4DF0F3-42D9-4DA4-A40B-20A6B5ED1F5A}.Release|Any CPU.ActiveCfg = Release|Any CPU
		{CC4DF0F3-42D9-4DA4-A40B-20A6B5ED1F5A}.Release|Any CPU.Build.0 = Release|Any CPU
		{CC4DF0F3-42D9-4DA4-A40B-20A6B5ED1F5A}.Release|x64.ActiveCfg = Release|Any CPU
		{CC4DF0F3-42D9-4DA4-A40B-20A6B5ED1F5A}.Release|x64.Build.0 = Release|Any CPU
		{CC4DF0F3-42D9-4DA4-A40B-20A6B5ED1F5A}.Release|x86.ActiveCfg = Release|Any CPU
		{CC4DF0F3-42D9-4DA4-A40B-20A6B5ED1F5A}.Release|x86.Build.0 = Release|Any CPU
		{AF4F89B4-AC67-4920-B5F3-41859B39FCE7}.Debug|Any CPU.ActiveCfg = Debug|Any CPU
		{AF4F89B4-AC67-4920-B5F3-41859B39FCE7}.Debug|Any CPU.Build.0 = Debug|Any CPU
		{AF4F89B4-AC67-4920-B5F3-41859B39FCE7}.Debug|x64.ActiveCfg = Debug|Any CPU
		{AF4F89B4-AC67-4920-B5F3-41859B39FCE7}.Debug|x64.Build.0 = Debug|Any CPU
		{AF4F89B4-AC67-4920-B5F3-41859B39FCE7}.Debug|x86.ActiveCfg = Debug|Any CPU
		{AF4F89B4-AC67-4920-B5F3-41859B39FCE7}.Debug|x86.Build.0 = Debug|Any CPU
		{AF4F89B4-AC67-4920-B5F3-41859B39FCE7}.Release|Any CPU.ActiveCfg = Release|Any CPU
		{AF4F89B4-AC67-4920-B5F3-41859B39FCE7}.Release|Any CPU.Build.0 = Release|Any CPU
		{AF4F89B4-AC67-4920-B5F3-41859B39FCE7}.Release|x64.ActiveCfg = Release|Any CPU
		{AF4F89B4-AC67-4920-B5F3-41859B39FCE7}.Release|x64.Build.0 = Release|Any CPU
		{AF4F89B4-AC67-4920-B5F3-41859B39FCE7}.Release|x86.ActiveCfg = Release|Any CPU
		{AF4F89B4-AC67-4920-B5F3-41859B39FCE7}.Release|x86.Build.0 = Release|Any CPU
		{86E6AAAF-9C5C-48CE-8517-4BC5FB71AB64}.Debug|Any CPU.ActiveCfg = Debug|Any CPU
		{86E6AAAF-9C5C-48CE-8517-4BC5FB71AB64}.Debug|Any CPU.Build.0 = Debug|Any CPU
		{86E6AAAF-9C5C-48CE-8517-4BC5FB71AB64}.Debug|x64.ActiveCfg = Debug|Any CPU
		{86E6AAAF-9C5C-48CE-8517-4BC5FB71AB64}.Debug|x64.Build.0 = Debug|Any CPU
		{86E6AAAF-9C5C-48CE-8517-4BC5FB71AB64}.Debug|x86.ActiveCfg = Debug|Any CPU
		{86E6AAAF-9C5C-48CE-8517-4BC5FB71AB64}.Debug|x86.Build.0 = Debug|Any CPU
		{86E6AAAF-9C5C-48CE-8517-4BC5FB71AB64}.Release|Any CPU.ActiveCfg = Release|Any CPU
		{86E6AAAF-9C5C-48CE-8517-4BC5FB71AB64}.Release|Any CPU.Build.0 = Release|Any CPU
		{86E6AAAF-9C5C-48CE-8517-4BC5FB71AB64}.Release|x64.ActiveCfg = Release|Any CPU
		{86E6AAAF-9C5C-48CE-8517-4BC5FB71AB64}.Release|x64.Build.0 = Release|Any CPU
		{86E6AAAF-9C5C-48CE-8517-4BC5FB71AB64}.Release|x86.ActiveCfg = Release|Any CPU
		{86E6AAAF-9C5C-48CE-8517-4BC5FB71AB64}.Release|x86.Build.0 = Release|Any CPU
		{05B3DB9A-94DE-47B4-A9ED-03916E2CEF7D}.Debug|Any CPU.ActiveCfg = Debug|Any CPU
		{05B3DB9A-94DE-47B4-A9ED-03916E2CEF7D}.Debug|Any CPU.Build.0 = Debug|Any CPU
		{05B3DB9A-94DE-47B4-A9ED-03916E2CEF7D}.Debug|x64.ActiveCfg = Debug|Any CPU
		{05B3DB9A-94DE-47B4-A9ED-03916E2CEF7D}.Debug|x64.Build.0 = Debug|Any CPU
		{05B3DB9A-94DE-47B4-A9ED-03916E2CEF7D}.Debug|x86.ActiveCfg = Debug|Any CPU
		{05B3DB9A-94DE-47B4-A9ED-03916E2CEF7D}.Debug|x86.Build.0 = Debug|Any CPU
		{05B3DB9A-94DE-47B4-A9ED-03916E2CEF7D}.Release|Any CPU.ActiveCfg = Release|Any CPU
		{05B3DB9A-94DE-47B4-A9ED-03916E2CEF7D}.Release|Any CPU.Build.0 = Release|Any CPU
		{05B3DB9A-94DE-47B4-A9ED-03916E2CEF7D}.Release|x64.ActiveCfg = Release|Any CPU
		{05B3DB9A-94DE-47B4-A9ED-03916E2CEF7D}.Release|x64.Build.0 = Release|Any CPU
		{05B3DB9A-94DE-47B4-A9ED-03916E2CEF7D}.Release|x86.ActiveCfg = Release|Any CPU
		{05B3DB9A-94DE-47B4-A9ED-03916E2CEF7D}.Release|x86.Build.0 = Release|Any CPU
		{66A8526B-D554-44E1-B8B3-FE1A1BAFE8B7}.Debug|Any CPU.ActiveCfg = Debug|Any CPU
		{66A8526B-D554-44E1-B8B3-FE1A1BAFE8B7}.Debug|Any CPU.Build.0 = Debug|Any CPU
		{66A8526B-D554-44E1-B8B3-FE1A1BAFE8B7}.Debug|x64.ActiveCfg = Debug|Any CPU
		{66A8526B-D554-44E1-B8B3-FE1A1BAFE8B7}.Debug|x64.Build.0 = Debug|Any CPU
		{66A8526B-D554-44E1-B8B3-FE1A1BAFE8B7}.Debug|x86.ActiveCfg = Debug|Any CPU
		{66A8526B-D554-44E1-B8B3-FE1A1BAFE8B7}.Debug|x86.Build.0 = Debug|Any CPU
		{66A8526B-D554-44E1-B8B3-FE1A1BAFE8B7}.Release|Any CPU.ActiveCfg = Release|Any CPU
		{66A8526B-D554-44E1-B8B3-FE1A1BAFE8B7}.Release|Any CPU.Build.0 = Release|Any CPU
		{66A8526B-D554-44E1-B8B3-FE1A1BAFE8B7}.Release|x64.ActiveCfg = Release|Any CPU
		{66A8526B-D554-44E1-B8B3-FE1A1BAFE8B7}.Release|x64.Build.0 = Release|Any CPU
		{66A8526B-D554-44E1-B8B3-FE1A1BAFE8B7}.Release|x86.ActiveCfg = Release|Any CPU
		{66A8526B-D554-44E1-B8B3-FE1A1BAFE8B7}.Release|x86.Build.0 = Release|Any CPU
	EndGlobalSection
	GlobalSection(SolutionProperties) = preSolution
		HideSolutionNode = FALSE
	EndGlobalSection
	GlobalSection(ExtensibilityGlobals) = postSolution
		SolutionGuid = {4D4ADBA8-D3EF-4F48-9237-98796C863156}
	EndGlobalSection
EndGlobal
