
Microsoft Visual Studio Solution File, Format Version 12.00
# Visual Studio Version 16
VisualStudioVersion = 16.0.31321.278
MinimumVisualStudioVersion = 10.0.40219.1
Project("{9A19103F-16F7-4668-BE54-9A1E7A4F7556}") = "P3_Statistics_API", "P3_Statistics_API.csproj", "{AEF187ED-32EC-4304-B162-5333B878A388}"
EndProject
Project("{9A19103F-16F7-4668-BE54-9A1E7A4F7556}") = "RepositoryModels", "..\RepositoryModels\RepositoryModels.csproj", "{76F8AC39-564F-4F83-ACE9-198FE1F8902F}"
EndProject
Project("{9A19103F-16F7-4668-BE54-9A1E7A4F7556}") = "BusinessLayerMethods", "..\BuisinessLayerMethods\BusinessLayerMethods.csproj", "{F0A5D34C-2C17-4648-B700-935853106AD2}"
EndProject
Project("{9A19103F-16F7-4668-BE54-9A1E7A4F7556}") = "P3_Statisitcs_Testing", "..\P3_Statisitcs_Testing\P3_Statisitcs_Testing.csproj", "{C910EF9A-5017-4F68-AB90-9C5826FB9499}"
	ProjectSection(ProjectDependencies) = postProject
		{F0A5D34C-2C17-4648-B700-935853106AD2} = {F0A5D34C-2C17-4648-B700-935853106AD2}
	EndProjectSection
EndProject
Global
	GlobalSection(SolutionConfigurationPlatforms) = preSolution
		Debug|Any CPU = Debug|Any CPU
		Release|Any CPU = Release|Any CPU
	EndGlobalSection
	GlobalSection(ProjectConfigurationPlatforms) = postSolution
		{AEF187ED-32EC-4304-B162-5333B878A388}.Debug|Any CPU.ActiveCfg = Debug|Any CPU
		{AEF187ED-32EC-4304-B162-5333B878A388}.Debug|Any CPU.Build.0 = Debug|Any CPU
		{AEF187ED-32EC-4304-B162-5333B878A388}.Release|Any CPU.ActiveCfg = Release|Any CPU
		{AEF187ED-32EC-4304-B162-5333B878A388}.Release|Any CPU.Build.0 = Release|Any CPU
		{76F8AC39-564F-4F83-ACE9-198FE1F8902F}.Debug|Any CPU.ActiveCfg = Debug|Any CPU
		{76F8AC39-564F-4F83-ACE9-198FE1F8902F}.Debug|Any CPU.Build.0 = Debug|Any CPU
		{76F8AC39-564F-4F83-ACE9-198FE1F8902F}.Release|Any CPU.ActiveCfg = Release|Any CPU
		{76F8AC39-564F-4F83-ACE9-198FE1F8902F}.Release|Any CPU.Build.0 = Release|Any CPU
		{F0A5D34C-2C17-4648-B700-935853106AD2}.Debug|Any CPU.ActiveCfg = Debug|Any CPU
		{F0A5D34C-2C17-4648-B700-935853106AD2}.Debug|Any CPU.Build.0 = Debug|Any CPU
		{F0A5D34C-2C17-4648-B700-935853106AD2}.Release|Any CPU.ActiveCfg = Release|Any CPU
		{F0A5D34C-2C17-4648-B700-935853106AD2}.Release|Any CPU.Build.0 = Release|Any CPU
		{C910EF9A-5017-4F68-AB90-9C5826FB9499}.Debug|Any CPU.ActiveCfg = Debug|Any CPU
		{C910EF9A-5017-4F68-AB90-9C5826FB9499}.Debug|Any CPU.Build.0 = Debug|Any CPU
		{C910EF9A-5017-4F68-AB90-9C5826FB9499}.Release|Any CPU.ActiveCfg = Release|Any CPU
		{C910EF9A-5017-4F68-AB90-9C5826FB9499}.Release|Any CPU.Build.0 = Release|Any CPU
	EndGlobalSection
	GlobalSection(SolutionProperties) = preSolution
		HideSolutionNode = FALSE
	EndGlobalSection
	GlobalSection(ExtensibilityGlobals) = postSolution
		SolutionGuid = {B1353091-C555-4A3A-B187-B9692673A815}
	EndGlobalSection
EndGlobal
